
Microsoft Visual Studio Solution File, Format Version 12.00
# Visual Studio 15
VisualStudioVersion = 15.0.28307.1022
MinimumVisualStudioVersion = 10.0.40219.1
Project("{8BC9CEB8-8B4A-11D0-8D11-00A0C91BC942}") = "C++成绩管理系统", "C++成绩管理系统\C++成绩管理系统.vcxproj", "{7FF84122-7E21-4A8F-AABE-C45816381783}"
EndProject
Global
	GlobalSection(SolutionConfigurationPlatforms) = preSolution
		Debug|x64 = Debug|x64
		Debug|x86 = Debug|x86
		Release|x64 = Release|x64
		Release|x86 = Release|x86
	EndGlobalSection
	GlobalSection(ProjectConfigurationPlatforms) = postSolution
		{7FF84122-7E21-4A8F-AABE-C45816381783}.Debug|x64.ActiveCfg = Debug|x64
		{7FF84122-7E21-4A8F-AABE-C45816381783}.Debug|x64.Build.0 = Debug|x64
		{7FF84122-7E21-4A8F-AABE-C45816381783}.Debug|x86.ActiveCfg = Debug|Win32
		{7FF84122-7E21-4A8F-AABE-C45816381783}.Debug|x86.Build.0 = Debug|Win32
		{7FF84122-7E21-4A8F-AABE-C45816381783}.Release|x64.ActiveCfg = Release|x64
		{7FF84122-7E21-4A8F-AABE-C45816381783}.Release|x64.Build.0 = Release|x64
		{7FF84122-7E21-4A8F-AABE-C45816381783}.Release|x86.ActiveCfg = Release|Win32
		{7FF84122-7E21-4A8F-AABE-C45816381783}.Release|x86.Build.0 = Release|Win32
	EndGlobalSection
	GlobalSection(SolutionProperties) = preSolution
		HideSolutionNode = FALSE
	EndGlobalSection
	GlobalSection(ExtensibilityGlobals) = postSolution
		SolutionGuid = {AC7B5A28-4A58-441E-9EDE-08DA42595AF1}
	EndGlobalSection
EndGlobal
